
Microsoft Visual Studio Solution File, Format Version 12.00
# Visual Studio 15
VisualStudioVersion = 15.0.28010.2016
MinimumVisualStudioVersion = 10.0.40219.1
Project("{E24C65DC-7377-472B-9ABA-BC803B73C61A}") = "Asana", "Asana\", "{08326FA1-541F-4540-B7A2-24B98B62979D}"
	ProjectSection(WebsiteProperties) = preProject
		TargetFrameworkMoniker = ".NETFramework,Version%3Dv4.6.1"
		Debug.AspNetCompiler.VirtualPath = "/localhost_50585"
		Debug.AspNetCompiler.PhysicalPath = "Asana\"
		Debug.AspNetCompiler.TargetPath = "PrecompiledWeb\localhost_50585\"
		Debug.AspNetCompiler.Updateable = "true"
		Debug.AspNetCompiler.ForceOverwrite = "true"
		Debug.AspNetCompiler.FixedNames = "false"
		Debug.AspNetCompiler.Debug = "True"
		Release.AspNetCompiler.VirtualPath = "/localhost_50585"
		Release.AspNetCompiler.PhysicalPath = "Asana\"
		Release.AspNetCompiler.TargetPath = "PrecompiledWeb\localhost_50585\"
		Release.AspNetCompiler.Updateable = "true"
		Release.AspNetCompiler.ForceOverwrite = "true"
		Release.AspNetCompiler.FixedNames = "false"
		Release.AspNetCompiler.Debug = "False"
		VWDPort = "50585"
		SlnRelativePath = "Asana\"
		DefaultWebSiteLanguage = "Visual C#"
	EndProjectSection
EndProject
Project("{E24C65DC-7377-472B-9ABA-BC803B73C61A}") = "AsanaTaskCreate", "AsanaTaskCreate\", "{5B88AB5B-7752-4CAC-BA30-036D5840CDFA}"
	ProjectSection(WebsiteProperties) = preProject
		TargetFrameworkMoniker = ".NETFramework,Version%3Dv4.6.1"
		Debug.AspNetCompiler.VirtualPath = "/localhost_51928"
		Debug.AspNetCompiler.PhysicalPath = "AsanaTaskCreate\"
		Debug.AspNetCompiler.TargetPath = "PrecompiledWeb\localhost_51928\"
		Debug.AspNetCompiler.Updateable = "true"
		Debug.AspNetCompiler.ForceOverwrite = "true"
		Debug.AspNetCompiler.FixedNames = "false"
		Debug.AspNetCompiler.Debug = "True"
		Release.AspNetCompiler.VirtualPath = "/localhost_51928"
		Release.AspNetCompiler.PhysicalPath = "AsanaTaskCreate\"
		Release.AspNetCompiler.TargetPath = "PrecompiledWeb\localhost_51928\"
		Release.AspNetCompiler.Updateable = "true"
		Release.AspNetCompiler.ForceOverwrite = "true"
		Release.AspNetCompiler.FixedNames = "false"
		Release.AspNetCompiler.Debug = "False"
		VWDPort = "51928"
		SlnRelativePath = "AsanaTaskCreate\"
		DefaultWebSiteLanguage = "Visual C#"
	EndProjectSection
EndProject
Global
	GlobalSection(SolutionConfigurationPlatforms) = preSolution
		Debug|Any CPU = Debug|Any CPU
	EndGlobalSection
	GlobalSection(ProjectConfigurationPlatforms) = postSolution
		{08326FA1-541F-4540-B7A2-24B98B62979D}.Debug|Any CPU.ActiveCfg = Debug|Any CPU
		{08326FA1-541F-4540-B7A2-24B98B62979D}.Debug|Any CPU.Build.0 = Debug|Any CPU
		{5B88AB5B-7752-4CAC-BA30-036D5840CDFA}.Debug|Any CPU.ActiveCfg = Debug|Any CPU
		{5B88AB5B-7752-4CAC-BA30-036D5840CDFA}.Debug|Any CPU.Build.0 = Debug|Any CPU
	EndGlobalSection
	GlobalSection(SolutionProperties) = preSolution
		HideSolutionNode = FALSE
	EndGlobalSection
	GlobalSection(ExtensibilityGlobals) = postSolution
		SolutionGuid = {46152932-B3D5-4E17-B8BF-989D6B5AED2A}
	EndGlobalSection
EndGlobal
